
Microsoft Visual Studio Solution File, Format Version 12.00
# Visual Studio 15
VisualStudioVersion = 15.0.26124.0
MinimumVisualStudioVersion = 15.0.26124.0
Project("{2150E333-8FDC-42A3-9474-1A3956D46DE8}") = "src", "src", "{D95D46B4-CB6B-4943-986D-EE4A561EBF6E}"
EndProject
Project("{FAE04EC0-301F-11D3-BF4B-00C04F79EFBC}") = "HnD.Business", "src\HnD.Business\HnD.Business.csproj", "{512405C4-557D-41D7-802C-1016E13E7CAE}"
EndProject
Project("{FAE04EC0-301F-11D3-BF4B-00C04F79EFBC}") = "HnD.Business.Interfaces", "src\HnD.Business.Interfaces\HnD.Business.Interfaces.csproj", "{CF589742-93D5-43A8-8899-FDA2290A34CD}"
EndProject
Project("{FAE04EC0-301F-11D3-BF4B-00C04F79EFBC}") = "HnD.Repositories", "src\HnD.Repositories\HnD.Repositories.csproj", "{625A8B39-E662-4471-B845-9C5E43D68656}"
EndProject
Project("{FAE04EC0-301F-11D3-BF4B-00C04F79EFBC}") = "HnD.Repositories.Interfaces", "src\HnD.Repositories.Interfaces\HnD.Repositories.Interfaces.csproj", "{483C02F6-116A-4C40-8876-B2C0771CE5A6}"
EndProject
Project("{FAE04EC0-301F-11D3-BF4B-00C04F79EFBC}") = "HnD.Web", "src\HnD.Web\HnD.Web.csproj", "{A81FB589-ABB0-4653-8B83-2929BD430845}"
EndProject
Project("{FAE04EC0-301F-11D3-BF4B-00C04F79EFBC}") = "HnD.View", "src\HnD.View\HnD.View.csproj", "{27DDF335-968D-4DFE-981D-747475C90FE1}"
EndProject
Project("{2150E333-8FDC-42A3-9474-1A3956D46DE8}") = "tests", "tests", "{A77D7481-D870-47ED-BAD9-1613D38EF433}"
EndProject
Project("{FAE04EC0-301F-11D3-BF4B-00C04F79EFBC}") = "Hnd.UnitTests", "tests\Hnd.UnitTests\Hnd.UnitTests.csproj", "{1117DBF6-BCC4-46A8-8E98-61F1FA0CBDF6}"
EndProject
Global
	GlobalSection(SolutionConfigurationPlatforms) = preSolution
		Debug|Any CPU = Debug|Any CPU
		Debug|x64 = Debug|x64
		Debug|x86 = Debug|x86
		Release|Any CPU = Release|Any CPU
		Release|x64 = Release|x64
		Release|x86 = Release|x86
	EndGlobalSection
	GlobalSection(SolutionProperties) = preSolution
		HideSolutionNode = FALSE
	EndGlobalSection
	GlobalSection(ProjectConfigurationPlatforms) = postSolution
		{512405C4-557D-41D7-802C-1016E13E7CAE}.Debug|Any CPU.ActiveCfg = Debug|Any CPU
		{512405C4-557D-41D7-802C-1016E13E7CAE}.Debug|Any CPU.Build.0 = Debug|Any CPU
		{512405C4-557D-41D7-802C-1016E13E7CAE}.Debug|x64.ActiveCfg = Debug|Any CPU
		{512405C4-557D-41D7-802C-1016E13E7CAE}.Debug|x64.Build.0 = Debug|Any CPU
		{512405C4-557D-41D7-802C-1016E13E7CAE}.Debug|x86.ActiveCfg = Debug|Any CPU
		{512405C4-557D-41D7-802C-1016E13E7CAE}.Debug|x86.Build.0 = Debug|Any CPU
		{512405C4-557D-41D7-802C-1016E13E7CAE}.Release|Any CPU.ActiveCfg = Release|Any CPU
		{512405C4-557D-41D7-802C-1016E13E7CAE}.Release|Any CPU.Build.0 = Release|Any CPU
		{512405C4-557D-41D7-802C-1016E13E7CAE}.Release|x64.ActiveCfg = Release|Any CPU
		{512405C4-557D-41D7-802C-1016E13E7CAE}.Release|x64.Build.0 = Release|Any CPU
		{512405C4-557D-41D7-802C-1016E13E7CAE}.Release|x86.ActiveCfg = Release|Any CPU
		{512405C4-557D-41D7-802C-1016E13E7CAE}.Release|x86.Build.0 = Release|Any CPU
		{CF589742-93D5-43A8-8899-FDA2290A34CD}.Debug|Any CPU.ActiveCfg = Debug|Any CPU
		{CF589742-93D5-43A8-8899-FDA2290A34CD}.Debug|Any CPU.Build.0 = Debug|Any CPU
		{CF589742-93D5-43A8-8899-FDA2290A34CD}.Debug|x64.ActiveCfg = Debug|Any CPU
		{CF589742-93D5-43A8-8899-FDA2290A34CD}.Debug|x64.Build.0 = Debug|Any CPU
		{CF589742-93D5-43A8-8899-FDA2290A34CD}.Debug|x86.ActiveCfg = Debug|Any CPU
		{CF589742-93D5-43A8-8899-FDA2290A34CD}.Debug|x86.Build.0 = Debug|Any CPU
		{CF589742-93D5-43A8-8899-FDA2290A34CD}.Release|Any CPU.ActiveCfg = Release|Any CPU
		{CF589742-93D5-43A8-8899-FDA2290A34CD}.Release|Any CPU.Build.0 = Release|Any CPU
		{CF589742-93D5-43A8-8899-FDA2290A34CD}.Release|x64.ActiveCfg = Release|Any CPU
		{CF589742-93D5-43A8-8899-FDA2290A34CD}.Release|x64.Build.0 = Release|Any CPU
		{CF589742-93D5-43A8-8899-FDA2290A34CD}.Release|x86.ActiveCfg = Release|Any CPU
		{CF589742-93D5-43A8-8899-FDA2290A34CD}.Release|x86.Build.0 = Release|Any CPU
		{625A8B39-E662-4471-B845-9C5E43D68656}.Debug|Any CPU.ActiveCfg = Debug|Any CPU
		{625A8B39-E662-4471-B845-9C5E43D68656}.Debug|Any CPU.Build.0 = Debug|Any CPU
		{625A8B39-E662-4471-B845-9C5E43D68656}.Debug|x64.ActiveCfg = Debug|Any CPU
		{625A8B39-E662-4471-B845-9C5E43D68656}.Debug|x64.Build.0 = Debug|Any CPU
		{625A8B39-E662-4471-B845-9C5E43D68656}.Debug|x86.ActiveCfg = Debug|Any CPU
		{625A8B39-E662-4471-B845-9C5E43D68656}.Debug|x86.Build.0 = Debug|Any CPU
		{625A8B39-E662-4471-B845-9C5E43D68656}.Release|Any CPU.ActiveCfg = Release|Any CPU
		{625A8B39-E662-4471-B845-9C5E43D68656}.Release|Any CPU.Build.0 = Release|Any CPU
		{625A8B39-E662-4471-B845-9C5E43D68656}.Release|x64.ActiveCfg = Release|Any CPU
		{625A8B39-E662-4471-B845-9C5E43D68656}.Release|x64.Build.0 = Release|Any CPU
		{625A8B39-E662-4471-B845-9C5E43D68656}.Release|x86.ActiveCfg = Release|Any CPU
		{625A8B39-E662-4471-B845-9C5E43D68656}.Release|x86.Build.0 = Release|Any CPU
		{483C02F6-116A-4C40-8876-B2C0771CE5A6}.Debug|Any CPU.ActiveCfg = Debug|Any CPU
		{483C02F6-116A-4C40-8876-B2C0771CE5A6}.Debug|Any CPU.Build.0 = Debug|Any CPU
		{483C02F6-116A-4C40-8876-B2C0771CE5A6}.Debug|x64.ActiveCfg = Debug|Any CPU
		{483C02F6-116A-4C40-8876-B2C0771CE5A6}.Debug|x64.Build.0 = Debug|Any CPU
		{483C02F6-116A-4C40-8876-B2C0771CE5A6}.Debug|x86.ActiveCfg = Debug|Any CPU
		{483C02F6-116A-4C40-8876-B2C0771CE5A6}.Debug|x86.Build.0 = Debug|Any CPU
		{483C02F6-116A-4C40-8876-B2C0771CE5A6}.Release|Any CPU.ActiveCfg = Release|Any CPU
		{483C02F6-116A-4C40-8876-B2C0771CE5A6}.Release|Any CPU.Build.0 = Release|Any CPU
		{483C02F6-116A-4C40-8876-B2C0771CE5A6}.Release|x64.ActiveCfg = Release|Any CPU
		{483C02F6-116A-4C40-8876-B2C0771CE5A6}.Release|x64.Build.0 = Release|Any CPU
		{483C02F6-116A-4C40-8876-B2C0771CE5A6}.Release|x86.ActiveCfg = Release|Any CPU
		{483C02F6-116A-4C40-8876-B2C0771CE5A6}.Release|x86.Build.0 = Release|Any CPU
		{A81FB589-ABB0-4653-8B83-2929BD430845}.Debug|Any CPU.ActiveCfg = Debug|Any CPU
		{A81FB589-ABB0-4653-8B83-2929BD430845}.Debug|Any CPU.Build.0 = Debug|Any CPU
		{A81FB589-ABB0-4653-8B83-2929BD430845}.Debug|x64.ActiveCfg = Debug|Any CPU
		{A81FB589-ABB0-4653-8B83-2929BD430845}.Debug|x64.Build.0 = Debug|Any CPU
		{A81FB589-ABB0-4653-8B83-2929BD430845}.Debug|x86.ActiveCfg = Debug|Any CPU
		{A81FB589-ABB0-4653-8B83-2929BD430845}.Debug|x86.Build.0 = Debug|Any CPU
		{A81FB589-ABB0-4653-8B83-2929BD430845}.Release|Any CPU.ActiveCfg = Release|Any CPU
		{A81FB589-ABB0-4653-8B83-2929BD430845}.Release|Any CPU.Build.0 = Release|Any CPU
		{A81FB589-ABB0-4653-8B83-2929BD430845}.Release|x64.ActiveCfg = Release|Any CPU
		{A81FB589-ABB0-4653-8B83-2929BD430845}.Release|x64.Build.0 = Release|Any CPU
		{A81FB589-ABB0-4653-8B83-2929BD430845}.Release|x86.ActiveCfg = Release|Any CPU
		{A81FB589-ABB0-4653-8B83-2929BD430845}.Release|x86.Build.0 = Release|Any CPU
		{27DDF335-968D-4DFE-981D-747475C90FE1}.Debug|Any CPU.ActiveCfg = Debug|Any CPU
		{27DDF335-968D-4DFE-981D-747475C90FE1}.Debug|Any CPU.Build.0 = Debug|Any CPU
		{27DDF335-968D-4DFE-981D-747475C90FE1}.Debug|x64.ActiveCfg = Debug|Any CPU
		{27DDF335-968D-4DFE-981D-747475C90FE1}.Debug|x64.Build.0 = Debug|Any CPU
		{27DDF335-968D-4DFE-981D-747475C90FE1}.Debug|x86.ActiveCfg = Debug|Any CPU
		{27DDF335-968D-4DFE-981D-747475C90FE1}.Debug|x86.Build.0 = Debug|Any CPU
		{27DDF335-968D-4DFE-981D-747475C90FE1}.Release|Any CPU.ActiveCfg = Release|Any CPU
		{27DDF335-968D-4DFE-981D-747475C90FE1}.Release|Any CPU.Build.0 = Release|Any CPU
		{27DDF335-968D-4DFE-981D-747475C90FE1}.Release|x64.ActiveCfg = Release|Any CPU
		{27DDF335-968D-4DFE-981D-747475C90FE1}.Release|x64.Build.0 = Release|Any CPU
		{27DDF335-968D-4DFE-981D-747475C90FE1}.Release|x86.ActiveCfg = Release|Any CPU
		{27DDF335-968D-4DFE-981D-747475C90FE1}.Release|x86.Build.0 = Release|Any CPU
		{1117DBF6-BCC4-46A8-8E98-61F1FA0CBDF6}.Debug|Any CPU.ActiveCfg = Debug|Any CPU
		{1117DBF6-BCC4-46A8-8E98-61F1FA0CBDF6}.Debug|Any CPU.Build.0 = Debug|Any CPU
		{1117DBF6-BCC4-46A8-8E98-61F1FA0CBDF6}.Debug|x64.ActiveCfg = Debug|Any CPU
		{1117DBF6-BCC4-46A8-8E98-61F1FA0CBDF6}.Debug|x64.Build.0 = Debug|Any CPU
		{1117DBF6-BCC4-46A8-8E98-61F1FA0CBDF6}.Debug|x86.ActiveCfg = Debug|Any CPU
		{1117DBF6-BCC4-46A8-8E98-61F1FA0CBDF6}.Debug|x86.Build.0 = Debug|Any CPU
		{1117DBF6-BCC4-46A8-8E98-61F1FA0CBDF6}.Release|Any CPU.ActiveCfg = Release|Any CPU
		{1117DBF6-BCC4-46A8-8E98-61F1FA0CBDF6}.Release|Any CPU.Build.0 = Release|Any CPU
		{1117DBF6-BCC4-46A8-8E98-61F1FA0CBDF6}.Release|x64.ActiveCfg = Release|Any CPU
		{1117DBF6-BCC4-46A8-8E98-61F1FA0CBDF6}.Release|x64.Build.0 = Release|Any CPU
		{1117DBF6-BCC4-46A8-8E98-61F1FA0CBDF6}.Release|x86.ActiveCfg = Release|Any CPU
		{1117DBF6-BCC4-46A8-8E98-61F1FA0CBDF6}.Release|x86.Build.0 = Release|Any CPU
	EndGlobalSection
	GlobalSection(NestedProjects) = preSolution
		{512405C4-557D-41D7-802C-1016E13E7CAE} = {D95D46B4-CB6B-4943-986D-EE4A561EBF6E}
		{CF589742-93D5-43A8-8899-FDA2290A34CD} = {D95D46B4-CB6B-4943-986D-EE4A561EBF6E}
		{625A8B39-E662-4471-B845-9C5E43D68656} = {D95D46B4-CB6B-4943-986D-EE4A561EBF6E}
		{483C02F6-116A-4C40-8876-B2C0771CE5A6} = {D95D46B4-CB6B-4943-986D-EE4A561EBF6E}
		{A81FB589-ABB0-4653-8B83-2929BD430845} = {D95D46B4-CB6B-4943-986D-EE4A561EBF6E}
		{27DDF335-968D-4DFE-981D-747475C90FE1} = {D95D46B4-CB6B-4943-986D-EE4A561EBF6E}
		{1117DBF6-BCC4-46A8-8E98-61F1FA0CBDF6} = {A77D7481-D870-47ED-BAD9-1613D38EF433}
	EndGlobalSection
EndGlobal
