
Microsoft Visual Studio Solution File, Format Version 12.00
# Visual Studio 15
VisualStudioVersion = 15.0.26124.0
MinimumVisualStudioVersion = 15.0.26124.0
Project("{2150E333-8FDC-42A3-9474-1A3956D46DE8}") = "src", "src", "{7F5CD447-D5B9-4B4F-8DA6-B83917976F47}"
EndProject
Project("{FAE04EC0-301F-11D3-BF4B-00C04F79EFBC}") = "HnD.Web", "src\HnD.Web\HnD.Web.csproj", "{DBF9C212-641D-4F01-8056-2ED3E9A3C44C}"
EndProject
Project("{FAE04EC0-301F-11D3-BF4B-00C04F79EFBC}") = "HnD.Business.Interfaces", "src\HnD.Business.Interfaces\HnD.Business.Interfaces.csproj", "{DFF1359C-4BCD-4818-AB93-FDB84B4F1278}"
EndProject
Project("{FAE04EC0-301F-11D3-BF4B-00C04F79EFBC}") = "HnD.Repository", "src\HnD.Repository\HnD.Repository.csproj", "{ED8048A5-F971-4E29-96EF-41078185741B}"
EndProject
Project("{FAE04EC0-301F-11D3-BF4B-00C04F79EFBC}") = "HnD.Repository.Interfaces", "src\HnD.Repository.Interfaces\HnD.Repository.Interfaces.csproj", "{680248CE-460A-4C96-80F0-8C6775A6432E}"
EndProject
Project("{FAE04EC0-301F-11D3-BF4B-00C04F79EFBC}") = "HnD.View", "src\HnD.View\HnD.View.csproj", "{9A5A8901-087A-4993-871F-06CAF772C29D}"
EndProject
Project("{FAE04EC0-301F-11D3-BF4B-00C04F79EFBC}") = "HnD.Business", "src\HnD.Business\HnD.Business.csproj", "{D4238C80-93B4-4ED5-BA8D-EE98FFE530F9}"
EndProject
Global
	GlobalSection(SolutionConfigurationPlatforms) = preSolution
		Debug|Any CPU = Debug|Any CPU
		Debug|x64 = Debug|x64
		Debug|x86 = Debug|x86
		Release|Any CPU = Release|Any CPU
		Release|x64 = Release|x64
		Release|x86 = Release|x86
	EndGlobalSection
	GlobalSection(SolutionProperties) = preSolution
		HideSolutionNode = FALSE
	EndGlobalSection
	GlobalSection(ProjectConfigurationPlatforms) = postSolution
		{DBF9C212-641D-4F01-8056-2ED3E9A3C44C}.Debug|Any CPU.ActiveCfg = Debug|Any CPU
		{DBF9C212-641D-4F01-8056-2ED3E9A3C44C}.Debug|Any CPU.Build.0 = Debug|Any CPU
		{DBF9C212-641D-4F01-8056-2ED3E9A3C44C}.Debug|x64.ActiveCfg = Debug|Any CPU
		{DBF9C212-641D-4F01-8056-2ED3E9A3C44C}.Debug|x64.Build.0 = Debug|Any CPU
		{DBF9C212-641D-4F01-8056-2ED3E9A3C44C}.Debug|x86.ActiveCfg = Debug|Any CPU
		{DBF9C212-641D-4F01-8056-2ED3E9A3C44C}.Debug|x86.Build.0 = Debug|Any CPU
		{DBF9C212-641D-4F01-8056-2ED3E9A3C44C}.Release|Any CPU.ActiveCfg = Release|Any CPU
		{DBF9C212-641D-4F01-8056-2ED3E9A3C44C}.Release|Any CPU.Build.0 = Release|Any CPU
		{DBF9C212-641D-4F01-8056-2ED3E9A3C44C}.Release|x64.ActiveCfg = Release|Any CPU
		{DBF9C212-641D-4F01-8056-2ED3E9A3C44C}.Release|x64.Build.0 = Release|Any CPU
		{DBF9C212-641D-4F01-8056-2ED3E9A3C44C}.Release|x86.ActiveCfg = Release|Any CPU
		{DBF9C212-641D-4F01-8056-2ED3E9A3C44C}.Release|x86.Build.0 = Release|Any CPU
		{DFF1359C-4BCD-4818-AB93-FDB84B4F1278}.Debug|Any CPU.ActiveCfg = Debug|Any CPU
		{DFF1359C-4BCD-4818-AB93-FDB84B4F1278}.Debug|Any CPU.Build.0 = Debug|Any CPU
		{DFF1359C-4BCD-4818-AB93-FDB84B4F1278}.Debug|x64.ActiveCfg = Debug|Any CPU
		{DFF1359C-4BCD-4818-AB93-FDB84B4F1278}.Debug|x64.Build.0 = Debug|Any CPU
		{DFF1359C-4BCD-4818-AB93-FDB84B4F1278}.Debug|x86.ActiveCfg = Debug|Any CPU
		{DFF1359C-4BCD-4818-AB93-FDB84B4F1278}.Debug|x86.Build.0 = Debug|Any CPU
		{DFF1359C-4BCD-4818-AB93-FDB84B4F1278}.Release|Any CPU.ActiveCfg = Release|Any CPU
		{DFF1359C-4BCD-4818-AB93-FDB84B4F1278}.Release|Any CPU.Build.0 = Release|Any CPU
		{DFF1359C-4BCD-4818-AB93-FDB84B4F1278}.Release|x64.ActiveCfg = Release|Any CPU
		{DFF1359C-4BCD-4818-AB93-FDB84B4F1278}.Release|x64.Build.0 = Release|Any CPU
		{DFF1359C-4BCD-4818-AB93-FDB84B4F1278}.Release|x86.ActiveCfg = Release|Any CPU
		{DFF1359C-4BCD-4818-AB93-FDB84B4F1278}.Release|x86.Build.0 = Release|Any CPU
		{ED8048A5-F971-4E29-96EF-41078185741B}.Debug|Any CPU.ActiveCfg = Debug|Any CPU
		{ED8048A5-F971-4E29-96EF-41078185741B}.Debug|Any CPU.Build.0 = Debug|Any CPU
		{ED8048A5-F971-4E29-96EF-41078185741B}.Debug|x64.ActiveCfg = Debug|Any CPU
		{ED8048A5-F971-4E29-96EF-41078185741B}.Debug|x64.Build.0 = Debug|Any CPU
		{ED8048A5-F971-4E29-96EF-41078185741B}.Debug|x86.ActiveCfg = Debug|Any CPU
		{ED8048A5-F971-4E29-96EF-41078185741B}.Debug|x86.Build.0 = Debug|Any CPU
		{ED8048A5-F971-4E29-96EF-41078185741B}.Release|Any CPU.ActiveCfg = Release|Any CPU
		{ED8048A5-F971-4E29-96EF-41078185741B}.Release|Any CPU.Build.0 = Release|Any CPU
		{ED8048A5-F971-4E29-96EF-41078185741B}.Release|x64.ActiveCfg = Release|Any CPU
		{ED8048A5-F971-4E29-96EF-41078185741B}.Release|x64.Build.0 = Release|Any CPU
		{ED8048A5-F971-4E29-96EF-41078185741B}.Release|x86.ActiveCfg = Release|Any CPU
		{ED8048A5-F971-4E29-96EF-41078185741B}.Release|x86.Build.0 = Release|Any CPU
		{680248CE-460A-4C96-80F0-8C6775A6432E}.Debug|Any CPU.ActiveCfg = Debug|Any CPU
		{680248CE-460A-4C96-80F0-8C6775A6432E}.Debug|Any CPU.Build.0 = Debug|Any CPU
		{680248CE-460A-4C96-80F0-8C6775A6432E}.Debug|x64.ActiveCfg = Debug|Any CPU
		{680248CE-460A-4C96-80F0-8C6775A6432E}.Debug|x64.Build.0 = Debug|Any CPU
		{680248CE-460A-4C96-80F0-8C6775A6432E}.Debug|x86.ActiveCfg = Debug|Any CPU
		{680248CE-460A-4C96-80F0-8C6775A6432E}.Debug|x86.Build.0 = Debug|Any CPU
		{680248CE-460A-4C96-80F0-8C6775A6432E}.Release|Any CPU.ActiveCfg = Release|Any CPU
		{680248CE-460A-4C96-80F0-8C6775A6432E}.Release|Any CPU.Build.0 = Release|Any CPU
		{680248CE-460A-4C96-80F0-8C6775A6432E}.Release|x64.ActiveCfg = Release|Any CPU
		{680248CE-460A-4C96-80F0-8C6775A6432E}.Release|x64.Build.0 = Release|Any CPU
		{680248CE-460A-4C96-80F0-8C6775A6432E}.Release|x86.ActiveCfg = Release|Any CPU
		{680248CE-460A-4C96-80F0-8C6775A6432E}.Release|x86.Build.0 = Release|Any CPU
		{9A5A8901-087A-4993-871F-06CAF772C29D}.Debug|Any CPU.ActiveCfg = Debug|Any CPU
		{9A5A8901-087A-4993-871F-06CAF772C29D}.Debug|Any CPU.Build.0 = Debug|Any CPU
		{9A5A8901-087A-4993-871F-06CAF772C29D}.Debug|x64.ActiveCfg = Debug|Any CPU
		{9A5A8901-087A-4993-871F-06CAF772C29D}.Debug|x64.Build.0 = Debug|Any CPU
		{9A5A8901-087A-4993-871F-06CAF772C29D}.Debug|x86.ActiveCfg = Debug|Any CPU
		{9A5A8901-087A-4993-871F-06CAF772C29D}.Debug|x86.Build.0 = Debug|Any CPU
		{9A5A8901-087A-4993-871F-06CAF772C29D}.Release|Any CPU.ActiveCfg = Release|Any CPU
		{9A5A8901-087A-4993-871F-06CAF772C29D}.Release|Any CPU.Build.0 = Release|Any CPU
		{9A5A8901-087A-4993-871F-06CAF772C29D}.Release|x64.ActiveCfg = Release|Any CPU
		{9A5A8901-087A-4993-871F-06CAF772C29D}.Release|x64.Build.0 = Release|Any CPU
		{9A5A8901-087A-4993-871F-06CAF772C29D}.Release|x86.ActiveCfg = Release|Any CPU
		{9A5A8901-087A-4993-871F-06CAF772C29D}.Release|x86.Build.0 = Release|Any CPU
		{D4238C80-93B4-4ED5-BA8D-EE98FFE530F9}.Debug|Any CPU.ActiveCfg = Debug|Any CPU
		{D4238C80-93B4-4ED5-BA8D-EE98FFE530F9}.Debug|Any CPU.Build.0 = Debug|Any CPU
		{D4238C80-93B4-4ED5-BA8D-EE98FFE530F9}.Debug|x64.ActiveCfg = Debug|Any CPU
		{D4238C80-93B4-4ED5-BA8D-EE98FFE530F9}.Debug|x64.Build.0 = Debug|Any CPU
		{D4238C80-93B4-4ED5-BA8D-EE98FFE530F9}.Debug|x86.ActiveCfg = Debug|Any CPU
		{D4238C80-93B4-4ED5-BA8D-EE98FFE530F9}.Debug|x86.Build.0 = Debug|Any CPU
		{D4238C80-93B4-4ED5-BA8D-EE98FFE530F9}.Release|Any CPU.ActiveCfg = Release|Any CPU
		{D4238C80-93B4-4ED5-BA8D-EE98FFE530F9}.Release|Any CPU.Build.0 = Release|Any CPU
		{D4238C80-93B4-4ED5-BA8D-EE98FFE530F9}.Release|x64.ActiveCfg = Release|Any CPU
		{D4238C80-93B4-4ED5-BA8D-EE98FFE530F9}.Release|x64.Build.0 = Release|Any CPU
		{D4238C80-93B4-4ED5-BA8D-EE98FFE530F9}.Release|x86.ActiveCfg = Release|Any CPU
		{D4238C80-93B4-4ED5-BA8D-EE98FFE530F9}.Release|x86.Build.0 = Release|Any CPU
	EndGlobalSection
	GlobalSection(NestedProjects) = preSolution
		{DBF9C212-641D-4F01-8056-2ED3E9A3C44C} = {7F5CD447-D5B9-4B4F-8DA6-B83917976F47}
		{DFF1359C-4BCD-4818-AB93-FDB84B4F1278} = {7F5CD447-D5B9-4B4F-8DA6-B83917976F47}
		{ED8048A5-F971-4E29-96EF-41078185741B} = {7F5CD447-D5B9-4B4F-8DA6-B83917976F47}
		{680248CE-460A-4C96-80F0-8C6775A6432E} = {7F5CD447-D5B9-4B4F-8DA6-B83917976F47}
		{9A5A8901-087A-4993-871F-06CAF772C29D} = {7F5CD447-D5B9-4B4F-8DA6-B83917976F47}
		{D4238C80-93B4-4ED5-BA8D-EE98FFE530F9} = {7F5CD447-D5B9-4B4F-8DA6-B83917976F47}
	EndGlobalSection
EndGlobal
